// !$*UTF8*$!
{
	archiveVersion = 1;
	classes = {
	};
	objectVersion = 56;
	objects = {

/* Begin PBXBuildFile section */
		CEFBE1FF2CEE1037006662AB /* todoApp.swift in Sources */ = {isa = PBXBuildFile; fileRef = CEFBE1FE2CEE1037006662AB /* todoApp.swift */; };
		CEFBE2012CEE1037006662AB /* ContentView.swift in Sources */ = {isa = PBXBuildFile; fileRef = CEFBE2002CEE1037006662AB /* ContentView.swift */; };
		CEFBE2032CEE1039006662AB /* Assets.xcassets in Resources */ = {isa = PBXBuildFile; fileRef = CEFBE2022CEE1039006662AB /* Assets.xcassets */; };
		CEFBE2062CEE1039006662AB /* Preview Assets.xcassets in Resources */ = {isa = PBXBuildFile; fileRef = CEFBE2052CEE1039006662AB /* Preview Assets.xcassets */; };
		CEFBE2082CEE1039006662AB /* Persistence.swift in Sources */ = {isa = PBXBuildFile; fileRef = CEFBE2072CEE1039006662AB /* Persistence.swift */; };
		CEFBE20B2CEE1039006662AB /* todo.xcdatamodeld in Sources */ = {isa = PBXBuildFile; fileRef = CEFBE2092CEE1039006662AB /* todo.xcdatamodeld */; };
		CEFBE2192CEE35CC006662AB /* Task.swift in Sources */ = {isa = PBXBuildFile; fileRef = CEFBE2182CEE35CC006662AB /* Task.swift */; };
		CEFBE21B2CEE35DF006662AB /* TaskListInteractor.swift in Sources */ = {isa = PBXBuildFile; fileRef = CEFBE21A2CEE35DF006662AB /* TaskListInteractor.swift */; };
		CEFBE21D2CEE35F3006662AB /* TaskListPresenter.swift in Sources */ = {isa = PBXBuildFile; fileRef = CEFBE21C2CEE35F3006662AB /* TaskListPresenter.swift */; };
		CEFBE21F2CEE3606006662AB /* TaskListRouter.swift in Sources */ = {isa = PBXBuildFile; fileRef = CEFBE21E2CEE3606006662AB /* TaskListRouter.swift */; };
		CEFBE2212CEE3613006662AB /* TaskListView.swift in Sources */ = {isa = PBXBuildFile; fileRef = CEFBE2202CEE3613006662AB /* TaskListView.swift */; };
		CEFBE2232CEE3CA7006662AB /* TaskResponse.swift in Sources */ = {isa = PBXBuildFile; fileRef = CEFBE2222CEE3CA7006662AB /* TaskResponse.swift */; };
/* End PBXBuildFile section */

/* Begin PBXFileReference section */
		CEFBE1FB2CEE1037006662AB /* todo.app */ = {isa = PBXFileReference; explicitFileType = wrapper.application; includeInIndex = 0; path = todo.app; sourceTree = BUILT_PRODUCTS_DIR; };
		CEFBE1FE2CEE1037006662AB /* todoApp.swift */ = {isa = PBXFileReference; lastKnownFileType = sourcecode.swift; path = todoApp.swift; sourceTree = "<group>"; };
		CEFBE2002CEE1037006662AB /* ContentView.swift */ = {isa = PBXFileReference; lastKnownFileType = sourcecode.swift; path = ContentView.swift; sourceTree = "<group>"; };
		CEFBE2022CEE1039006662AB /* Assets.xcassets */ = {isa = PBXFileReference; lastKnownFileType = folder.assetcatalog; path = Assets.xcassets; sourceTree = "<group>"; };
		CEFBE2052CEE1039006662AB /* Preview Assets.xcassets */ = {isa = PBXFileReference; lastKnownFileType = folder.assetcatalog; path = "Preview Assets.xcassets"; sourceTree = "<group>"; };
		CEFBE2072CEE1039006662AB /* Persistence.swift */ = {isa = PBXFileReference; lastKnownFileType = sourcecode.swift; path = Persistence.swift; sourceTree = "<group>"; };
		CEFBE20A2CEE1039006662AB /* todo.xcdatamodel */ = {isa = PBXFileReference; lastKnownFileType = wrapper.xcdatamodel; path = todo.xcdatamodel; sourceTree = "<group>"; };
		CEFBE2182CEE35CC006662AB /* Task.swift */ = {isa = PBXFileReference; lastKnownFileType = sourcecode.swift; path = Task.swift; sourceTree = "<group>"; };
		CEFBE21A2CEE35DF006662AB /* TaskListInteractor.swift */ = {isa = PBXFileReference; lastKnownFileType = sourcecode.swift; path = TaskListInteractor.swift; sourceTree = "<group>"; };
		CEFBE21C2CEE35F3006662AB /* TaskListPresenter.swift */ = {isa = PBXFileReference; lastKnownFileType = sourcecode.swift; path = TaskListPresenter.swift; sourceTree = "<group>"; };
		CEFBE21E2CEE3606006662AB /* TaskListRouter.swift */ = {isa = PBXFileReference; lastKnownFileType = sourcecode.swift; path = TaskListRouter.swift; sourceTree = "<group>"; };
		CEFBE2202CEE3613006662AB /* TaskListView.swift */ = {isa = PBXFileReference; lastKnownFileType = sourcecode.swift; path = TaskListView.swift; sourceTree = "<group>"; };
		CEFBE2222CEE3CA7006662AB /* TaskResponse.swift */ = {isa = PBXFileReference; lastKnownFileType = sourcecode.swift; path = TaskResponse.swift; sourceTree = "<group>"; };
/* End PBXFileReference section */

/* Begin PBXFrameworksBuildPhase section */
		CEFBE1F82CEE1037006662AB /* Frameworks */ = {
			isa = PBXFrameworksBuildPhase;
			buildActionMask = 2147483647;
			files = (
			);
			runOnlyForDeploymentPostprocessing = 0;
		};
/* End PBXFrameworksBuildPhase section */

/* Begin PBXGroup section */
		CEFBE1F22CEE1037006662AB = {
			isa = PBXGroup;
			children = (
				CEFBE1FD2CEE1037006662AB /* todo */,
				CEFBE1FC2CEE1037006662AB /* Products */,
			);
			sourceTree = "<group>";
		};
		CEFBE1FC2CEE1037006662AB /* Products */ = {
			isa = PBXGroup;
			children = (
				CEFBE1FB2CEE1037006662AB /* todo.app */,
			);
			name = Products;
			sourceTree = "<group>";
		};
		CEFBE1FD2CEE1037006662AB /* todo */ = {
			isa = PBXGroup;
			children = (
				CEFBE2112CEE139A006662AB /* TaskList */,
				CEFBE2122CEE13AE006662AB /* AddTask */,
				CEFBE1FE2CEE1037006662AB /* todoApp.swift */,
				CEFBE2002CEE1037006662AB /* ContentView.swift */,
				CEFBE2022CEE1039006662AB /* Assets.xcassets */,
				CEFBE2072CEE1039006662AB /* Persistence.swift */,
				CEFBE2092CEE1039006662AB /* todo.xcdatamodeld */,
				CEFBE2042CEE1039006662AB /* Preview Content */,
			);
			path = todo;
			sourceTree = "<group>";
		};
		CEFBE2042CEE1039006662AB /* Preview Content */ = {
			isa = PBXGroup;
			children = (
				CEFBE2052CEE1039006662AB /* Preview Assets.xcassets */,
			);
			path = "Preview Content";
			sourceTree = "<group>";
		};
		CEFBE2112CEE139A006662AB /* TaskList */ = {
			isa = PBXGroup;
			children = (
				CEFBE2132CEE1400006662AB /* Entities */,
				CEFBE2142CEE1416006662AB /* Interactor */,
				CEFBE2152CEE1423006662AB /* Presenter */,
				CEFBE2172CEE143D006662AB /* Router */,
				CEFBE2162CEE1432006662AB /* View */,
			);
			path = TaskList;
			sourceTree = "<group>";
		};
		CEFBE2122CEE13AE006662AB /* AddTask */ = {
			isa = PBXGroup;
			children = (
			);
			path = AddTask;
			sourceTree = "<group>";
		};
		CEFBE2132CEE1400006662AB /* Entities */ = {
			isa = PBXGroup;
			children = (
				CEFBE2182CEE35CC006662AB /* Task.swift */,
				CEFBE2222CEE3CA7006662AB /* TaskResponse.swift */,
			);
			path = Entities;
			sourceTree = "<group>";
		};
		CEFBE2142CEE1416006662AB /* Interactor */ = {
			isa = PBXGroup;
			children = (
				CEFBE21A2CEE35DF006662AB /* TaskListInteractor.swift */,
			);
			path = Interactor;
			sourceTree = "<group>";
		};
		CEFBE2152CEE1423006662AB /* Presenter */ = {
			isa = PBXGroup;
			children = (
				CEFBE21C2CEE35F3006662AB /* TaskListPresenter.swift */,
			);
			path = Presenter;
			sourceTree = "<group>";
		};
		CEFBE2162CEE1432006662AB /* View */ = {
			isa = PBXGroup;
			children = (
				CEFBE2202CEE3613006662AB /* TaskListView.swift */,
			);
			path = View;
			sourceTree = "<group>";
		};
		CEFBE2172CEE143D006662AB /* Router */ = {
			isa = PBXGroup;
			children = (
				CEFBE21E2CEE3606006662AB /* TaskListRouter.swift */,
			);
			path = Router;
			sourceTree = "<group>";
		};
/* End PBXGroup section */

/* Begin PBXNativeTarget section */
		CEFBE1FA2CEE1037006662AB /* todo */ = {
			isa = PBXNativeTarget;
			buildConfigurationList = CEFBE20E2CEE1039006662AB /* Build configuration list for PBXNativeTarget "todo" */;
			buildPhases = (
				CEFBE1F72CEE1037006662AB /* Sources */,
				CEFBE1F82CEE1037006662AB /* Frameworks */,
				CEFBE1F92CEE1037006662AB /* Resources */,
			);
			buildRules = (
			);
			dependencies = (
			);
			name = todo;
			productName = todo;
			productReference = CEFBE1FB2CEE1037006662AB /* todo.app */;
			productType = "com.apple.product-type.application";
		};
/* End PBXNativeTarget section */

/* Begin PBXProject section */
		CEFBE1F32CEE1037006662AB /* Project object */ = {
			isa = PBXProject;
			attributes = {
				BuildIndependentTargetsInParallel = 1;
				LastSwiftUpdateCheck = 1520;
				LastUpgradeCheck = 1520;
				TargetAttributes = {
					CEFBE1FA2CEE1037006662AB = {
						CreatedOnToolsVersion = 15.2;
					};
				};
			};
			buildConfigurationList = CEFBE1F62CEE1037006662AB /* Build configuration list for PBXProject "todo" */;
			compatibilityVersion = "Xcode 14.0";
			developmentRegion = en;
			hasScannedForEncodings = 0;
			knownRegions = (
				en,
				Base,
			);
			mainGroup = CEFBE1F22CEE1037006662AB;
			productRefGroup = CEFBE1FC2CEE1037006662AB /* Products */;
			projectDirPath = "";
			projectRoot = "";
			targets = (
				CEFBE1FA2CEE1037006662AB /* todo */,
			);
		};
/* End PBXProject section */

/* Begin PBXResourcesBuildPhase section */
		CEFBE1F92CEE1037006662AB /* Resources */ = {
			isa = PBXResourcesBuildPhase;
			buildActionMask = 2147483647;
			files = (
				CEFBE2062CEE1039006662AB /* Preview Assets.xcassets in Resources */,
				CEFBE2032CEE1039006662AB /* Assets.xcassets in Resources */,
			);
			runOnlyForDeploymentPostprocessing = 0;
		};
/* End PBXResourcesBuildPhase section */

/* Begin PBXSourcesBuildPhase section */
		CEFBE1F72CEE1037006662AB /* Sources */ = {
			isa = PBXSourcesBuildPhase;
			buildActionMask = 2147483647;
			files = (
				CEFBE21D2CEE35F3006662AB /* TaskListPresenter.swift in Sources */,
				CEFBE2232CEE3CA7006662AB /* TaskResponse.swift in Sources */,
				CEFBE2082CEE1039006662AB /* Persistence.swift in Sources */,
				CEFBE2212CEE3613006662AB /* TaskListView.swift in Sources */,
				CEFBE2012CEE1037006662AB /* ContentView.swift in Sources */,
				CEFBE2192CEE35CC006662AB /* Task.swift in Sources */,
				CEFBE21B2CEE35DF006662AB /* TaskListInteractor.swift in Sources */,
				CEFBE1FF2CEE1037006662AB /* todoApp.swift in Sources */,
				CEFBE20B2CEE1039006662AB /* todo.xcdatamodeld in Sources */,
				CEFBE21F2CEE3606006662AB /* TaskListRouter.swift in Sources */,
			);
			runOnlyForDeploymentPostprocessing = 0;
		};
/* End PBXSourcesBuildPhase section */

/* Begin XCBuildConfiguration section */
		CEFBE20C2CEE1039006662AB /* Debug */ = {
			isa = XCBuildConfiguration;
			buildSettings = {
				ALWAYS_SEARCH_USER_PATHS = NO;
				ASSETCATALOG_COMPILER_GENERATE_SWIFT_ASSET_SYMBOL_EXTENSIONS = YES;
				CLANG_ANALYZER_NONNULL = YES;
				CLANG_ANALYZER_NUMBER_OBJECT_CONVERSION = YES_AGGRESSIVE;
				CLANG_CXX_LANGUAGE_STANDARD = "gnu++20";
				CLANG_ENABLE_MODULES = YES;
				CLANG_ENABLE_OBJC_ARC = YES;
				CLANG_ENABLE_OBJC_WEAK = YES;
				CLANG_WARN_BLOCK_CAPTURE_AUTORELEASING = YES;
				CLANG_WARN_BOOL_CONVERSION = YES;
				CLANG_WARN_COMMA = YES;
				CLANG_WARN_CONSTANT_CONVERSION = YES;
				CLANG_WARN_DEPRECATED_OBJC_IMPLEMENTATIONS = YES;
				CLANG_WARN_DIRECT_OBJC_ISA_USAGE = YES_ERROR;
				CLANG_WARN_DOCUMENTATION_COMMENTS = YES;
				CLANG_WARN_EMPTY_BODY = YES;
				CLANG_WARN_ENUM_CONVERSION = YES;
				CLANG_WARN_INFINITE_RECURSION = YES;
				CLANG_WARN_INT_CONVERSION = YES;
				CLANG_WARN_NON_LITERAL_NULL_CONVERSION = YES;
				CLANG_WARN_OBJC_IMPLICIT_RETAIN_SELF = YES;
				CLANG_WARN_OBJC_LITERAL_CONVERSION = YES;
				CLANG_WARN_OBJC_ROOT_CLASS = YES_ERROR;
				CLANG_WARN_QUOTED_INCLUDE_IN_FRAMEWORK_HEADER = YES;
				CLANG_WARN_RANGE_LOOP_ANALYSIS = YES;
				CLANG_WARN_STRICT_PROTOTYPES = YES;
				CLANG_WARN_SUSPICIOUS_MOVE = YES;
				CLANG_WARN_UNGUARDED_AVAILABILITY = YES_AGGRESSIVE;
				CLANG_WARN_UNREACHABLE_CODE = YES;
				CLANG_WARN__DUPLICATE_METHOD_MATCH = YES;
				COPY_PHASE_STRIP = NO;
				DEBUG_INFORMATION_FORMAT = dwarf;
				ENABLE_STRICT_OBJC_MSGSEND = YES;
				ENABLE_TESTABILITY = YES;
				ENABLE_USER_SCRIPT_SANDBOXING = YES;
				GCC_C_LANGUAGE_STANDARD = gnu17;
				GCC_DYNAMIC_NO_PIC = NO;
				GCC_NO_COMMON_BLOCKS = YES;
				GCC_OPTIMIZATION_LEVEL = 0;
				GCC_PREPROCESSOR_DEFINITIONS = (
					"DEBUG=1",
					"$(inherited)",
				);
				GCC_WARN_64_TO_32_BIT_CONVERSION = YES;
				GCC_WARN_ABOUT_RETURN_TYPE = YES_ERROR;
				GCC_WARN_UNDECLARED_SELECTOR = YES;
				GCC_WARN_UNINITIALIZED_AUTOS = YES_AGGRESSIVE;
				GCC_WARN_UNUSED_FUNCTION = YES;
				GCC_WARN_UNUSED_VARIABLE = YES;
				IPHONEOS_DEPLOYMENT_TARGET = 17.2;
				LOCALIZATION_PREFERS_STRING_CATALOGS = YES;
				MTL_ENABLE_DEBUG_INFO = INCLUDE_SOURCE;
				MTL_FAST_MATH = YES;
				ONLY_ACTIVE_ARCH = YES;
				SDKROOT = iphoneos;
				SWIFT_ACTIVE_COMPILATION_CONDITIONS = "DEBUG $(inherited)";
				SWIFT_OPTIMIZATION_LEVEL = "-Onone";
			};
			name = Debug;
		};
		CEFBE20D2CEE1039006662AB /* Release */ = {
			isa = XCBuildConfiguration;
			buildSettings = {
				ALWAYS_SEARCH_USER_PATHS = NO;
				ASSETCATALOG_COMPILER_GENERATE_SWIFT_ASSET_SYMBOL_EXTENSIONS = YES;
				CLANG_ANALYZER_NONNULL = YES;
				CLANG_ANALYZER_NUMBER_OBJECT_CONVERSION = YES_AGGRESSIVE;
				CLANG_CXX_LANGUAGE_STANDARD = "gnu++20";
				CLANG_ENABLE_MODULES = YES;
				CLANG_ENABLE_OBJC_ARC = YES;
				CLANG_ENABLE_OBJC_WEAK = YES;
				CLANG_WARN_BLOCK_CAPTURE_AUTORELEASING = YES;
				CLANG_WARN_BOOL_CONVERSION = YES;
				CLANG_WARN_COMMA = YES;
				CLANG_WARN_CONSTANT_CONVERSION = YES;
				CLANG_WARN_DEPRECATED_OBJC_IMPLEMENTATIONS = YES;
				CLANG_WARN_DIRECT_OBJC_ISA_USAGE = YES_ERROR;
				CLANG_WARN_DOCUMENTATION_COMMENTS = YES;
				CLANG_WARN_EMPTY_BODY = YES;
				CLANG_WARN_ENUM_CONVERSION = YES;
				CLANG_WARN_INFINITE_RECURSION = YES;
				CLANG_WARN_INT_CONVERSION = YES;
				CLANG_WARN_NON_LITERAL_NULL_CONVERSION = YES;
				CLANG_WARN_OBJC_IMPLICIT_RETAIN_SELF = YES;
				CLANG_WARN_OBJC_LITERAL_CONVERSION = YES;
				CLANG_WARN_OBJC_ROOT_CLASS = YES_ERROR;
				CLANG_WARN_QUOTED_INCLUDE_IN_FRAMEWORK_HEADER = YES;
				CLANG_WARN_RANGE_LOOP_ANALYSIS = YES;
				CLANG_WARN_STRICT_PROTOTYPES = YES;
				CLANG_WARN_SUSPICIOUS_MOVE = YES;
				CLANG_WARN_UNGUARDED_AVAILABILITY = YES_AGGRESSIVE;
				CLANG_WARN_UNREACHABLE_CODE = YES;
				CLANG_WARN__DUPLICATE_METHOD_MATCH = YES;
				COPY_PHASE_STRIP = NO;
				DEBUG_INFORMATION_FORMAT = "dwarf-with-dsym";
				ENABLE_NS_ASSERTIONS = NO;
				ENABLE_STRICT_OBJC_MSGSEND = YES;
				ENABLE_USER_SCRIPT_SANDBOXING = YES;
				GCC_C_LANGUAGE_STANDARD = gnu17;
				GCC_NO_COMMON_BLOCKS = YES;
				GCC_WARN_64_TO_32_BIT_CONVERSION = YES;
				GCC_WARN_ABOUT_RETURN_TYPE = YES_ERROR;
				GCC_WARN_UNDECLARED_SELECTOR = YES;
				GCC_WARN_UNINITIALIZED_AUTOS = YES_AGGRESSIVE;
				GCC_WARN_UNUSED_FUNCTION = YES;
				GCC_WARN_UNUSED_VARIABLE = YES;
				IPHONEOS_DEPLOYMENT_TARGET = 17.2;
				LOCALIZATION_PREFERS_STRING_CATALOGS = YES;
				MTL_ENABLE_DEBUG_INFO = NO;
				MTL_FAST_MATH = YES;
				SDKROOT = iphoneos;
				SWIFT_COMPILATION_MODE = wholemodule;
				VALIDATE_PRODUCT = YES;
			};
			name = Release;
		};
		CEFBE20F2CEE1039006662AB /* Debug */ = {
			isa = XCBuildConfiguration;
			buildSettings = {
				ASSETCATALOG_COMPILER_APPICON_NAME = AppIcon;
				ASSETCATALOG_COMPILER_GLOBAL_ACCENT_COLOR_NAME = AccentColor;
				CODE_SIGN_STYLE = Automatic;
				CURRENT_PROJECT_VERSION = 1;
				DEVELOPMENT_ASSET_PATHS = "\"todo/Preview Content\"";
				DEVELOPMENT_TEAM = 82HAG38C6M;
				ENABLE_PREVIEWS = YES;
				GENERATE_INFOPLIST_FILE = YES;
				INFOPLIST_KEY_UIApplicationSceneManifest_Generation = YES;
				INFOPLIST_KEY_UIApplicationSupportsIndirectInputEvents = YES;
				INFOPLIST_KEY_UILaunchScreen_Generation = YES;
				INFOPLIST_KEY_UISupportedInterfaceOrientations_iPad = "UIInterfaceOrientationPortrait UIInterfaceOrientationPortraitUpsideDown UIInterfaceOrientationLandscapeLeft UIInterfaceOrientationLandscapeRight";
				INFOPLIST_KEY_UISupportedInterfaceOrientations_iPhone = "UIInterfaceOrientationPortrait UIInterfaceOrientationLandscapeLeft UIInterfaceOrientationLandscapeRight";
				LD_RUNPATH_SEARCH_PATHS = (
					"$(inherited)",
					"@executable_path/Frameworks",
				);
				MARKETING_VERSION = 1.0;
				PRODUCT_BUNDLE_IDENTIFIER = com.almi.almi.todo;
				PRODUCT_NAME = "$(TARGET_NAME)";
				SWIFT_EMIT_LOC_STRINGS = YES;
				SWIFT_VERSION = 5.0;
				TARGETED_DEVICE_FAMILY = "1,2";
			};
			name = Debug;
		};
		CEFBE2102CEE1039006662AB /* Release */ = {
			isa = XCBuildConfiguration;
			buildSettings = {
				ASSETCATALOG_COMPILER_APPICON_NAME = AppIcon;
				ASSETCATALOG_COMPILER_GLOBAL_ACCENT_COLOR_NAME = AccentColor;
				CODE_SIGN_STYLE = Automatic;
				CURRENT_PROJECT_VERSION = 1;
				DEVELOPMENT_ASSET_PATHS = "\"todo/Preview Content\"";
				DEVELOPMENT_TEAM = 82HAG38C6M;
				ENABLE_PREVIEWS = YES;
				GENERATE_INFOPLIST_FILE = YES;
				INFOPLIST_KEY_UIApplicationSceneManifest_Generation = YES;
				INFOPLIST_KEY_UIApplicationSupportsIndirectInputEvents = YES;
				INFOPLIST_KEY_UILaunchScreen_Generation = YES;
				INFOPLIST_KEY_UISupportedInterfaceOrientations_iPad = "UIInterfaceOrientationPortrait UIInterfaceOrientationPortraitUpsideDown UIInterfaceOrientationLandscapeLeft UIInterfaceOrientationLandscapeRight";
				INFOPLIST_KEY_UISupportedInterfaceOrientations_iPhone = "UIInterfaceOrientationPortrait UIInterfaceOrientationLandscapeLeft UIInterfaceOrientationLandscapeRight";
				LD_RUNPATH_SEARCH_PATHS = (
					"$(inherited)",
					"@executable_path/Frameworks",
				);
				MARKETING_VERSION = 1.0;
				PRODUCT_BUNDLE_IDENTIFIER = com.almi.almi.todo;
				PRODUCT_NAME = "$(TARGET_NAME)";
				SWIFT_EMIT_LOC_STRINGS = YES;
				SWIFT_VERSION = 5.0;
				TARGETED_DEVICE_FAMILY = "1,2";
			};
			name = Release;
		};
/* End XCBuildConfiguration section */

/* Begin XCConfigurationList section */
		CEFBE1F62CEE1037006662AB /* Build configuration list for PBXProject "todo" */ = {
			isa = XCConfigurationList;
			buildConfigurations = (
				CEFBE20C2CEE1039006662AB /* Debug */,
				CEFBE20D2CEE1039006662AB /* Release */,
			);
			defaultConfigurationIsVisible = 0;
			defaultConfigurationName = Release;
		};
		CEFBE20E2CEE1039006662AB /* Build configuration list for PBXNativeTarget "todo" */ = {
			isa = XCConfigurationList;
			buildConfigurations = (
				CEFBE20F2CEE1039006662AB /* Debug */,
				CEFBE2102CEE1039006662AB /* Release */,
			);
			defaultConfigurationIsVisible = 0;
			defaultConfigurationName = Release;
		};
/* End XCConfigurationList section */

/* Begin XCVersionGroup section */
		CEFBE2092CEE1039006662AB /* todo.xcdatamodeld */ = {
			isa = XCVersionGroup;
			children = (
				CEFBE20A2CEE1039006662AB /* todo.xcdatamodel */,
			);
			currentVersion = CEFBE20A2CEE1039006662AB /* todo.xcdatamodel */;
			path = todo.xcdatamodeld;
			sourceTree = "<group>";
			versionGroupType = wrapper.xcdatamodel;
		};
/* End XCVersionGroup section */
	};
	rootObject = CEFBE1F32CEE1037006662AB /* Project object */;
}
